
Microsoft Visual Studio Solution File, Format Version 12.00
# Visual Studio Version 17
VisualStudioVersion = 17.14.36518.9 d17.14
MinimumVisualStudioVersion = 10.0.40219.1
Project("{2150E333-8FDC-42A3-9474-1A3956D46DE8}") = "src", "src", "{02EA681E-C7D8-13C7-8484-4AC65E1B71E8}"
EndProject
Project("{FAE04EC0-301F-11D3-BF4B-00C04F79EFBC}") = "MigrationTool.Cli", "MigrationTool.Cli\MigrationTool.Cli.csproj", "{779E0812-D31D-4315-BDEC-24D025B9E556}"
EndProject
Project("{FAE04EC0-301F-11D3-BF4B-00C04F79EFBC}") = "MigrationTool.Engine", "Migrationtool.Engine\MigrationTool.Engine.csproj", "{14E646BE-463C-4772-8B11-3E24A8185127}"
EndProject
Global
	GlobalSection(SolutionConfigurationPlatforms) = preSolution
		Debug|Any CPU = Debug|Any CPU
		Release|Any CPU = Release|Any CPU
	EndGlobalSection
	GlobalSection(ProjectConfigurationPlatforms) = postSolution
		{779E0812-D31D-4315-BDEC-24D025B9E556}.Debug|Any CPU.ActiveCfg = Debug|Any CPU
		{779E0812-D31D-4315-BDEC-24D025B9E556}.Debug|Any CPU.Build.0 = Debug|Any CPU
		{779E0812-D31D-4315-BDEC-24D025B9E556}.Release|Any CPU.ActiveCfg = Release|Any CPU
		{779E0812-D31D-4315-BDEC-24D025B9E556}.Release|Any CPU.Build.0 = Release|Any CPU
		{14E646BE-463C-4772-8B11-3E24A8185127}.Debug|Any CPU.ActiveCfg = Debug|Any CPU
		{14E646BE-463C-4772-8B11-3E24A8185127}.Debug|Any CPU.Build.0 = Debug|Any CPU
		{14E646BE-463C-4772-8B11-3E24A8185127}.Release|Any CPU.ActiveCfg = Release|Any CPU
		{14E646BE-463C-4772-8B11-3E24A8185127}.Release|Any CPU.Build.0 = Release|Any CPU
	EndGlobalSection
	GlobalSection(SolutionProperties) = preSolution
		HideSolutionNode = FALSE
	EndGlobalSection
	GlobalSection(NestedProjects) = preSolution
		{779E0812-D31D-4315-BDEC-24D025B9E556} = {02EA681E-C7D8-13C7-8484-4AC65E1B71E8}
		{14E646BE-463C-4772-8B11-3E24A8185127} = {02EA681E-C7D8-13C7-8484-4AC65E1B71E8}
	EndGlobalSection
	GlobalSection(ExtensibilityGlobals) = postSolution
		SolutionGuid = {0EB21437-0A3E-4459-80C9-D0AF6973F309}
	EndGlobalSection
EndGlobal
